
Microsoft Visual Studio Solution File, Format Version 12.00
Project("{FAE04EC0-301F-11D3-BF4B-00C04F79EFBC}") = "AnsibleInventoryParser", "AnsibleInventoryParser\AnsibleInventoryParser.csproj", "{EDE9868C-BF34-48B1-9B65-3031D2B561DB}"
EndProject
Project("{FAE04EC0-301F-11D3-BF4B-00C04F79EFBC}") = "AnsibleInventoryParser.Tests", "AnsibleInventoryParser.Tests\AnsibleInventoryParser.Tests.csproj", "{38D602B5-6AA4-446B-AC9D-6F956ECED120}"
EndProject
Global
	GlobalSection(SolutionConfigurationPlatforms) = preSolution
		Debug|Any CPU = Debug|Any CPU
		Release|Any CPU = Release|Any CPU
	EndGlobalSection
	GlobalSection(ProjectConfigurationPlatforms) = postSolution
		{EDE9868C-BF34-48B1-9B65-3031D2B561DB}.Debug|Any CPU.ActiveCfg = Debug|Any CPU
		{EDE9868C-BF34-48B1-9B65-3031D2B561DB}.Debug|Any CPU.Build.0 = Debug|Any CPU
		{EDE9868C-BF34-48B1-9B65-3031D2B561DB}.Release|Any CPU.ActiveCfg = Release|Any CPU
		{EDE9868C-BF34-48B1-9B65-3031D2B561DB}.Release|Any CPU.Build.0 = Release|Any CPU
		{38D602B5-6AA4-446B-AC9D-6F956ECED120}.Debug|Any CPU.ActiveCfg = Debug|Any CPU
		{38D602B5-6AA4-446B-AC9D-6F956ECED120}.Debug|Any CPU.Build.0 = Debug|Any CPU
		{38D602B5-6AA4-446B-AC9D-6F956ECED120}.Release|Any CPU.ActiveCfg = Release|Any CPU
		{38D602B5-6AA4-446B-AC9D-6F956ECED120}.Release|Any CPU.Build.0 = Release|Any CPU
	EndGlobalSection
EndGlobal
